
Microsoft Visual Studio Solution File, Format Version 12.00
# Visual Studio Version 17
VisualStudioVersion = 17.13.35931.197 d17.13
MinimumVisualStudioVersion = 10.0.40219.1
Project("{FAE04EC0-301F-11D3-BF4B-00C04F79EFBC}") = "OtusMain", "OtusMain\OtusMain.csproj", "{3AE3D990-912D-49B3-8C0C-BEA6EE6D6E7E}"
EndProject
Project("{FAE04EC0-301F-11D3-BF4B-00C04F79EFBC}") = "TestProject", "TestProject\TestProject.csproj", "{1C7E43D6-F50A-4679-89D8-1748F2FD0413}"
EndProject
Global
	GlobalSection(SolutionConfigurationPlatforms) = preSolution
		Debug|Any CPU = Debug|Any CPU
		Release|Any CPU = Release|Any CPU
	EndGlobalSection
	GlobalSection(ProjectConfigurationPlatforms) = postSolution
		{3AE3D990-912D-49B3-8C0C-BEA6EE6D6E7E}.Debug|Any CPU.ActiveCfg = Debug|Any CPU
		{3AE3D990-912D-49B3-8C0C-BEA6EE6D6E7E}.Debug|Any CPU.Build.0 = Debug|Any CPU
		{3AE3D990-912D-49B3-8C0C-BEA6EE6D6E7E}.Release|Any CPU.ActiveCfg = Release|Any CPU
		{3AE3D990-912D-49B3-8C0C-BEA6EE6D6E7E}.Release|Any CPU.Build.0 = Release|Any CPU
		{1C7E43D6-F50A-4679-89D8-1748F2FD0413}.Debug|Any CPU.ActiveCfg = Debug|Any CPU
		{1C7E43D6-F50A-4679-89D8-1748F2FD0413}.Debug|Any CPU.Build.0 = Debug|Any CPU
		{1C7E43D6-F50A-4679-89D8-1748F2FD0413}.Release|Any CPU.ActiveCfg = Release|Any CPU
		{1C7E43D6-F50A-4679-89D8-1748F2FD0413}.Release|Any CPU.Build.0 = Release|Any CPU
	EndGlobalSection
	GlobalSection(SolutionProperties) = preSolution
		HideSolutionNode = FALSE
	EndGlobalSection
	GlobalSection(ExtensibilityGlobals) = postSolution
		SolutionGuid = {89F5C768-E209-4C8A-9422-EE9B5334578B}
	EndGlobalSection
EndGlobal
